# THIS IS AN AUTOGENERATED FILE. DO NOT EDIT THIS FILE DIRECTLY.
# yarn lockfile v1


"@serverless-devs/s@^3.1.1":
  version "3.1.1"
  resolved "https://registry.yarnpkg.com/@serverless-devs/s/-/s-3.1.1.tgz#3cc7e022e6036a3d23ec83af56d966f4d3884216"
  integrity sha512-cfqFz6Y98YN74pfwtJQ1cfrpQyp8lj/ijIBonkAAmqVFJ98/DYfNTag7a2pDy50NKEQ9h9hiZKyqL6aCaCzB/w==
